
Microsoft Visual Studio Solution File, Format Version 12.00
# Visual Studio Version 16
VisualStudioVersion = 16.0.32228.343
MinimumVisualStudioVersion = 10.0.40219.1
Project("{9A19103F-16F7-4668-BE54-9A1E7A4F7556}") = "CodeChallenge", "ConsoleApp1\CodeChallenge.csproj", "{6DB14171-FAF0-4E47-962C-1D378337EB11}"
EndProject
Project("{2150E333-8FDC-42A3-9474-1A3956D46DE8}") = "Solution Items", "Solution Items", "{67A50197-05C5-4CE1-B995-AC7C5A9390F5}"
	ProjectSection(SolutionItems) = preProject
		README.md = README.md
	EndProjectSection
EndProject
Project("{9A19103F-16F7-4668-BE54-9A1E7A4F7556}") = "TestProject1", "TestProject1\TestProject1.csproj", "{2074C66C-2690-4015-A862-1377152BE383}"
EndProject
Project("{2150E333-8FDC-42A3-9474-1A3956D46DE8}") = "read", "read", "{E3B87B15-A142-443D-B7E7-2F11B27C74BA}"
	ProjectSection(SolutionItems) = preProject
		read\ArrayBinarySearch.md = read\ArrayBinarySearch.md
		read\Class10_StackAndQueue.md = read\Class10_StackAndQueue.md
		read\Class11_stack-and-queue.md = read\Class11_stack-and-queue.md
		read\Class12_stack-queue-animal-shelter.md = read\Class12_stack-queue-animal-shelter.md
		read\Class13_stack-queue-brackets.md = read\Class13_stack-queue-brackets.md
		Class16_tree-max.md = Class16_tree-max.md
		Class17_tree-breadth-first.md = Class17_tree-breadth-first.md
		read\Class8_linked-list-zip.md = read\Class8_linked-list-zip.md
		read\InsertToMiddleOfAnArray.md = read\InsertToMiddleOfAnArray.md
		read\linked-list-kth.md = read\linked-list-kth.md
		read\LinkedListInsertions.md = read\LinkedListInsertions.md
		read\ReverseAnArray.md = read\ReverseAnArray.md
		read\SinglyLinkedList.md = read\SinglyLinkedList.md
	EndProjectSection
EndProject
Project("{2150E333-8FDC-42A3-9474-1A3956D46DE8}") = "image", "image", "{6A4EB30B-76F3-44F9-8046-9BBB8B69DB80}"
	ProjectSection(SolutionItems) = preProject
		image\array-binary-search.png = image\array-binary-search.png
		image\array-insert-shift-IMAGE.PNG = image\array-insert-shift-IMAGE.PNG
		image\challenge-Logo.jpg = image\challenge-Logo.jpg
		image\challenge-Logo2.jpg = image\challenge-Logo2.jpg
		image\class5.PNG = image\class5.PNG
		image\Class5_test.PNG = image\Class5_test.PNG
		image\class6.PNG = image\class6.PNG
		image\Class6_5_test.PNG = image\Class6_5_test.PNG
		image\linked-list.PNG = image\linked-list.PNG
		image\reverseArray.PNG = image\reverseArray.PNG
	EndProjectSection
EndProject
Project("{2150E333-8FDC-42A3-9474-1A3956D46DE8}") = "Class7", "Class7", "{20A49ECE-438C-4553-BA92-0A9F79234217}"
	ProjectSection(SolutionItems) = preProject
		image\Class7\Class7_run.PNG = image\Class7\Class7_run.PNG
		image\Class7\class7_test.PNG = image\Class7\class7_test.PNG
		image\Class7\class7_WB.PNG = image\Class7\class7_WB.PNG
	EndProjectSection
EndProject
Project("{2150E333-8FDC-42A3-9474-1A3956D46DE8}") = "Class11", "Class11", "{C10FBBA6-CBB8-4781-942F-9062EE41166E}"
	ProjectSection(SolutionItems) = preProject
		image\Class11\class11_WB.png = image\Class11\class11_WB.png
		image\Class11\run_11.PNG = image\Class11\run_11.PNG
		image\Class11\test_11.PNG = image\Class11\test_11.PNG
	EndProjectSection
EndProject
Project("{2150E333-8FDC-42A3-9474-1A3956D46DE8}") = "class8", "class8", "{AF3E357B-4ED5-4538-A461-A016569257DB}"
	ProjectSection(SolutionItems) = preProject
		image\class8\Code8_1.PNG = image\class8\Code8_1.PNG
		image\class8\Code8_2.PNG = image\class8\Code8_2.PNG
		image\class8\Code8_3.PNG = image\class8\Code8_3.PNG
		image\class8\codeChallenge8_WB.PNG = image\class8\codeChallenge8_WB.PNG
		image\class8\text_class8.PNG = image\class8\text_class8.PNG
	EndProjectSection
EndProject
Project("{2150E333-8FDC-42A3-9474-1A3956D46DE8}") = "class12", "class12", "{7F07C91C-3315-4951-A38C-73D9A5D7020C}"
	ProjectSection(SolutionItems) = preProject
		image\class12\Class12_WB.png = image\class12\Class12_WB.png
		image\class12\run_12.PNG = image\class12\run_12.PNG
		image\class12\test_12.PNG = image\class12\test_12.PNG
	EndProjectSection
EndProject
Project("{2150E333-8FDC-42A3-9474-1A3956D46DE8}") = "class13", "class13", "{0F6C0CA5-1141-4A67-A3B1-B8D61809ED21}"
	ProjectSection(SolutionItems) = preProject
		image\class13\Class_13.PNG = image\class13\Class_13.PNG
		image\class13\run13.PNG = image\class13\run13.PNG
		image\class13\test13.PNG = image\class13\test13.PNG
	EndProjectSection
EndProject
Project("{2150E333-8FDC-42A3-9474-1A3956D46DE8}") = "class16", "class16", "{FE471A7A-C221-4902-9032-AED2B29515C1}"
	ProjectSection(SolutionItems) = preProject
		image\class16\Class16.PNG = image\class16\Class16.PNG
		image\class16\Data16.PNG = image\class16\Data16.PNG
		image\class16\run16.PNG = image\class16\run16.PNG
		image\class16\test16.PNG = image\class16\test16.PNG
	EndProjectSection
EndProject
Project("{2150E333-8FDC-42A3-9474-1A3956D46DE8}") = "class17", "class17", "{4F21777C-CE8D-4931-96A1-8C77E08A59D2}"
	ProjectSection(SolutionItems) = preProject
		..\..\..\Desktop\class17.PNG = ..\..\..\Desktop\class17.PNG
		..\..\..\Desktop\run17.PNG = ..\..\..\Desktop\run17.PNG
		..\..\..\Desktop\test17.PNG = ..\..\..\Desktop\test17.PNG
	EndProjectSection
EndProject
Global
	GlobalSection(SolutionConfigurationPlatforms) = preSolution
		Debug|Any CPU = Debug|Any CPU
		Release|Any CPU = Release|Any CPU
	EndGlobalSection
	GlobalSection(ProjectConfigurationPlatforms) = postSolution
		{6DB14171-FAF0-4E47-962C-1D378337EB11}.Debug|Any CPU.ActiveCfg = Debug|Any CPU
		{6DB14171-FAF0-4E47-962C-1D378337EB11}.Debug|Any CPU.Build.0 = Debug|Any CPU
		{6DB14171-FAF0-4E47-962C-1D378337EB11}.Release|Any CPU.ActiveCfg = Release|Any CPU
		{6DB14171-FAF0-4E47-962C-1D378337EB11}.Release|Any CPU.Build.0 = Release|Any CPU
		{2074C66C-2690-4015-A862-1377152BE383}.Debug|Any CPU.ActiveCfg = Debug|Any CPU
		{2074C66C-2690-4015-A862-1377152BE383}.Debug|Any CPU.Build.0 = Debug|Any CPU
		{2074C66C-2690-4015-A862-1377152BE383}.Release|Any CPU.ActiveCfg = Release|Any CPU
		{2074C66C-2690-4015-A862-1377152BE383}.Release|Any CPU.Build.0 = Release|Any CPU
	EndGlobalSection
	GlobalSection(SolutionProperties) = preSolution
		HideSolutionNode = FALSE
	EndGlobalSection
	GlobalSection(NestedProjects) = preSolution
		{E3B87B15-A142-443D-B7E7-2F11B27C74BA} = {67A50197-05C5-4CE1-B995-AC7C5A9390F5}
		{6A4EB30B-76F3-44F9-8046-9BBB8B69DB80} = {67A50197-05C5-4CE1-B995-AC7C5A9390F5}
		{20A49ECE-438C-4553-BA92-0A9F79234217} = {6A4EB30B-76F3-44F9-8046-9BBB8B69DB80}
		{C10FBBA6-CBB8-4781-942F-9062EE41166E} = {6A4EB30B-76F3-44F9-8046-9BBB8B69DB80}
		{AF3E357B-4ED5-4538-A461-A016569257DB} = {6A4EB30B-76F3-44F9-8046-9BBB8B69DB80}
		{7F07C91C-3315-4951-A38C-73D9A5D7020C} = {6A4EB30B-76F3-44F9-8046-9BBB8B69DB80}
		{0F6C0CA5-1141-4A67-A3B1-B8D61809ED21} = {6A4EB30B-76F3-44F9-8046-9BBB8B69DB80}
		{FE471A7A-C221-4902-9032-AED2B29515C1} = {6A4EB30B-76F3-44F9-8046-9BBB8B69DB80}
		{4F21777C-CE8D-4931-96A1-8C77E08A59D2} = {6A4EB30B-76F3-44F9-8046-9BBB8B69DB80}
	EndGlobalSection
	GlobalSection(ExtensibilityGlobals) = postSolution
		SolutionGuid = {DC7249AF-6D54-4A0B-BE9B-99A27B493FB2}
	EndGlobalSection
EndGlobal
