
Microsoft Visual Studio Solution File, Format Version 12.00
# Visual Studio Version 16
VisualStudioVersion = 16.0.32228.343
MinimumVisualStudioVersion = 10.0.40219.1
Project("{9A19103F-16F7-4668-BE54-9A1E7A4F7556}") = "CodeChallenge", "ConsoleApp1\CodeChallenge.csproj", "{6DB14171-FAF0-4E47-962C-1D378337EB11}"
EndProject
Project("{2150E333-8FDC-42A3-9474-1A3956D46DE8}") = "Solution Items", "Solution Items", "{67A50197-05C5-4CE1-B995-AC7C5A9390F5}"
	ProjectSection(SolutionItems) = preProject
		README.md = README.md
	EndProjectSection
EndProject
Project("{2150E333-8FDC-42A3-9474-1A3956D46DE8}") = "image", "image", "{06A9EDE1-E11E-418C-93C0-DECBCE194C16}"
	ProjectSection(SolutionItems) = preProject
		image\array-binary-search.png = image\array-binary-search.png
		..\..\..\Desktop\array-insert-shift-IMAGE.PNG = ..\..\..\Desktop\array-insert-shift-IMAGE.PNG
		image\challenge-Logo.jpg = image\challenge-Logo.jpg
		image\challenge-Logo2.jpg = image\challenge-Logo2.jpg
		..\..\..\Desktop\class5.PNG = ..\..\..\Desktop\class5.PNG
		..\..\..\Desktop\Class5_test.PNG = ..\..\..\Desktop\Class5_test.PNG
		..\..\..\Desktop\class6.PNG = ..\..\..\Desktop\class6.PNG
		..\..\..\Desktop\Class6_5_test.PNG = ..\..\..\Desktop\Class6_5_test.PNG
		image\linked-list.PNG = image\linked-list.PNG
		..\..\..\Desktop\reverseArray.PNG = ..\..\..\Desktop\reverseArray.PNG
	EndProjectSection
EndProject
Project("{9A19103F-16F7-4668-BE54-9A1E7A4F7556}") = "TestProject1", "TestProject1\TestProject1.csproj", "{2074C66C-2690-4015-A862-1377152BE383}"
EndProject
Project("{2150E333-8FDC-42A3-9474-1A3956D46DE8}") = "read", "read", "{E3B87B15-A142-443D-B7E7-2F11B27C74BA}"
	ProjectSection(SolutionItems) = preProject
		read\ArrayBinarySearch.md = read\ArrayBinarySearch.md
		Class10_StackAndQueue.md = Class10_StackAndQueue.md
		Class11_stack-and-queue.md = Class11_stack-and-queue.md
		read\Class8_linked-list-zip.md = read\Class8_linked-list-zip.md
		read\InsertToMiddleOfAnArray.md = read\InsertToMiddleOfAnArray.md
		read\linked-list-kth.md = read\linked-list-kth.md
		read\LinkedListInsertions.md = read\LinkedListInsertions.md
		read\ReverseAnArray.md = read\ReverseAnArray.md
		read\SinglyLinkedList.md = read\SinglyLinkedList.md
	EndProjectSection
EndProject
Project("{2150E333-8FDC-42A3-9474-1A3956D46DE8}") = "Class7", "Class7", "{80BDBB8E-13F6-4F77-B550-41058E5FC412}"
	ProjectSection(SolutionItems) = preProject
		image\Class7\Class7_run.PNG = image\Class7\Class7_run.PNG
		image\Class7\class7_test.PNG = image\Class7\class7_test.PNG
		image\Class7\class7_WB.PNG = image\Class7\class7_WB.PNG
	EndProjectSection
EndProject
Project("{2150E333-8FDC-42A3-9474-1A3956D46DE8}") = "class8", "class8", "{795DD0F4-5C17-43CB-BE0C-3AAE3289AD68}"
	ProjectSection(SolutionItems) = preProject
		image\class8\Code8_1.PNG = image\class8\Code8_1.PNG
		image\class8\Code8_2.PNG = image\class8\Code8_2.PNG
		image\class8\Code8_3.PNG = image\class8\Code8_3.PNG
		image\class8\codeChallenge8_WB.PNG = image\class8\codeChallenge8_WB.PNG
		image\class8\text_class8.PNG = image\class8\text_class8.PNG
	EndProjectSection
EndProject
Global
	GlobalSection(SolutionConfigurationPlatforms) = preSolution
		Debug|Any CPU = Debug|Any CPU
		Release|Any CPU = Release|Any CPU
	EndGlobalSection
	GlobalSection(ProjectConfigurationPlatforms) = postSolution
		{6DB14171-FAF0-4E47-962C-1D378337EB11}.Debug|Any CPU.ActiveCfg = Debug|Any CPU
		{6DB14171-FAF0-4E47-962C-1D378337EB11}.Debug|Any CPU.Build.0 = Debug|Any CPU
		{6DB14171-FAF0-4E47-962C-1D378337EB11}.Release|Any CPU.ActiveCfg = Release|Any CPU
		{6DB14171-FAF0-4E47-962C-1D378337EB11}.Release|Any CPU.Build.0 = Release|Any CPU
		{2074C66C-2690-4015-A862-1377152BE383}.Debug|Any CPU.ActiveCfg = Debug|Any CPU
		{2074C66C-2690-4015-A862-1377152BE383}.Debug|Any CPU.Build.0 = Debug|Any CPU
		{2074C66C-2690-4015-A862-1377152BE383}.Release|Any CPU.ActiveCfg = Release|Any CPU
		{2074C66C-2690-4015-A862-1377152BE383}.Release|Any CPU.Build.0 = Release|Any CPU
	EndGlobalSection
	GlobalSection(SolutionProperties) = preSolution
		HideSolutionNode = FALSE
	EndGlobalSection
	GlobalSection(NestedProjects) = preSolution
		{06A9EDE1-E11E-418C-93C0-DECBCE194C16} = {67A50197-05C5-4CE1-B995-AC7C5A9390F5}
		{E3B87B15-A142-443D-B7E7-2F11B27C74BA} = {67A50197-05C5-4CE1-B995-AC7C5A9390F5}
		{80BDBB8E-13F6-4F77-B550-41058E5FC412} = {06A9EDE1-E11E-418C-93C0-DECBCE194C16}
		{795DD0F4-5C17-43CB-BE0C-3AAE3289AD68} = {06A9EDE1-E11E-418C-93C0-DECBCE194C16}
	EndGlobalSection
	GlobalSection(ExtensibilityGlobals) = postSolution
		SolutionGuid = {DC7249AF-6D54-4A0B-BE9B-99A27B493FB2}
	EndGlobalSection
EndGlobal
